
Microsoft Visual Studio Solution File, Format Version 12.00
# Visual Studio Version 17
VisualStudioVersion = 17.13.36105.23 d17.13
MinimumVisualStudioVersion = 10.0.40219.1
Project("{FAE04EC0-301F-11D3-BF4B-00C04F79EFBC}") = "MyFirstApi", "MyFirstApi.csproj", "{715FF9CF-A0A3-4033-A451-F6DAEB386C26}"
EndProject
Global
	GlobalSection(SolutionConfigurationPlatforms) = preSolution
		Debug|Any CPU = Debug|Any CPU
		Release|Any CPU = Release|Any CPU
	EndGlobalSection
	GlobalSection(ProjectConfigurationPlatforms) = postSolution
		{715FF9CF-A0A3-4033-A451-F6DAEB386C26}.Debug|Any CPU.ActiveCfg = Debug|Any CPU
		{715FF9CF-A0A3-4033-A451-F6DAEB386C26}.Debug|Any CPU.Build.0 = Debug|Any CPU
		{715FF9CF-A0A3-4033-A451-F6DAEB386C26}.Release|Any CPU.ActiveCfg = Release|Any CPU
		{715FF9CF-A0A3-4033-A451-F6DAEB386C26}.Release|Any CPU.Build.0 = Release|Any CPU
	EndGlobalSection
	GlobalSection(SolutionProperties) = preSolution
		HideSolutionNode = FALSE
	EndGlobalSection
	GlobalSection(ExtensibilityGlobals) = postSolution
		SolutionGuid = {A60D6F44-763C-42D4-8EBC-9B89928F8145}
	EndGlobalSection
EndGlobal
